
Microsoft Visual Studio Solution File, Format Version 12.00
# Visual Studio Version 17
VisualStudioVersion = 17.14.36518.9 d17.14
MinimumVisualStudioVersion = 10.0.40219.1
Project("{FAE04EC0-301F-11D3-BF4B-00C04F79EFBC}") = "RotoTools", "RotoTools.csproj", "{7FD69E6C-E533-463A-BD2F-AB2523647B47}"
EndProject
Project("{9A19103F-16F7-4668-BE54-9A1E7A4F7556}") = "RotoTools.Suite", "RotoTools.Suite\RotoTools.Suite.csproj", "{4F821205-85F2-417A-B1EC-A90EF9712FCC}"
EndProject
Global
	GlobalSection(SolutionConfigurationPlatforms) = preSolution
		Debug|Any CPU = Debug|Any CPU
		Release|Any CPU = Release|Any CPU
	EndGlobalSection
	GlobalSection(ProjectConfigurationPlatforms) = postSolution
		{7FD69E6C-E533-463A-BD2F-AB2523647B47}.Debug|Any CPU.ActiveCfg = Debug|Any CPU
		{7FD69E6C-E533-463A-BD2F-AB2523647B47}.Debug|Any CPU.Build.0 = Debug|Any CPU
		{7FD69E6C-E533-463A-BD2F-AB2523647B47}.Release|Any CPU.ActiveCfg = Release|Any CPU
		{7FD69E6C-E533-463A-BD2F-AB2523647B47}.Release|Any CPU.Build.0 = Release|Any CPU
		{4F821205-85F2-417A-B1EC-A90EF9712FCC}.Debug|Any CPU.ActiveCfg = Debug|Any CPU
		{4F821205-85F2-417A-B1EC-A90EF9712FCC}.Debug|Any CPU.Build.0 = Debug|Any CPU
		{4F821205-85F2-417A-B1EC-A90EF9712FCC}.Release|Any CPU.ActiveCfg = Release|Any CPU
		{4F821205-85F2-417A-B1EC-A90EF9712FCC}.Release|Any CPU.Build.0 = Release|Any CPU
	EndGlobalSection
	GlobalSection(SolutionProperties) = preSolution
		HideSolutionNode = FALSE
	EndGlobalSection
	GlobalSection(ExtensibilityGlobals) = postSolution
		SolutionGuid = {F2FAD26C-65C0-49C5-BF7E-0A4BBF147158}
	EndGlobalSection
EndGlobal
